// !$*UTF8*$!
{
	archiveVersion = 1;
	classes = {
	};
	objectVersion = 46;
	objects = {

/* Begin PBXBuildFile section */
		A0BEA0C91C34FDBE002A96E0 /* AppDelegate.swift in Sources */ = {isa = PBXBuildFile; fileRef = A0BEA0C81C34FDBE002A96E0 /* AppDelegate.swift */; };
		A0BEA0CB1C34FDBE002A96E0 /* ViewController.swift in Sources */ = {isa = PBXBuildFile; fileRef = A0BEA0CA1C34FDBE002A96E0 /* ViewController.swift */; };
		A0BEA0CE1C34FDBE002A96E0 /* Main.storyboard in Resources */ = {isa = PBXBuildFile; fileRef = A0BEA0CC1C34FDBE002A96E0 /* Main.storyboard */; };
		A0BEA0D01C34FDBE002A96E0 /* Assets.xcassets in Resources */ = {isa = PBXBuildFile; fileRef = A0BEA0CF1C34FDBE002A96E0 /* Assets.xcassets */; };
		A0BEA0D31C34FDBE002A96E0 /* LaunchScreen.storyboard in Resources */ = {isa = PBXBuildFile; fileRef = A0BEA0D11C34FDBE002A96E0 /* LaunchScreen.storyboard */; };
		A0BEA0DE1C34FDBE002A96E0 /* KKAlertViewDemoTests.swift in Sources */ = {isa = PBXBuildFile; fileRef = A0BEA0DD1C34FDBE002A96E0 /* KKAlertViewDemoTests.swift */; };
		A0BEA0E91C34FDBE002A96E0 /* KKAlertViewDemoUITests.swift in Sources */ = {isa = PBXBuildFile; fileRef = A0BEA0E81C34FDBE002A96E0 /* KKAlertViewDemoUITests.swift */; };
		A0BEA0FD1C34FDF6002A96E0 /* MainViewController.swift in Sources */ = {isa = PBXBuildFile; fileRef = A0BEA0FA1C34FDF6002A96E0 /* MainViewController.swift */; };
		A0BEA1011C350112002A96E0 /* KKActionSheet.swift in Sources */ = {isa = PBXBuildFile; fileRef = A0BEA0FF1C350112002A96E0 /* KKActionSheet.swift */; };
		A0BEA1021C350112002A96E0 /* KKAlertView.swift in Sources */ = {isa = PBXBuildFile; fileRef = A0BEA1001C350112002A96E0 /* KKAlertView.swift */; };
/* End PBXBuildFile section */

/* Begin PBXContainerItemProxy section */
		A0BEA0DA1C34FDBE002A96E0 /* PBXContainerItemProxy */ = {
			isa = PBXContainerItemProxy;
			containerPortal = A0BEA0BD1C34FDBE002A96E0 /* Project object */;
			proxyType = 1;
			remoteGlobalIDString = A0BEA0C41C34FDBE002A96E0;
			remoteInfo = KKAlertViewDemo;
		};
		A0BEA0E51C34FDBE002A96E0 /* PBXContainerItemProxy */ = {
			isa = PBXContainerItemProxy;
			containerPortal = A0BEA0BD1C34FDBE002A96E0 /* Project object */;
			proxyType = 1;
			remoteGlobalIDString = A0BEA0C41C34FDBE002A96E0;
			remoteInfo = KKAlertViewDemo;
		};
/* End PBXContainerItemProxy section */

/* Begin PBXFileReference section */
		A0BEA0C51C34FDBE002A96E0 /* KKAlertViewDemo.app */ = {isa = PBXFileReference; explicitFileType = wrapper.application; includeInIndex = 0; path = KKAlertViewDemo.app; sourceTree = BUILT_PRODUCTS_DIR; };
		A0BEA0C81C34FDBE002A96E0 /* AppDelegate.swift */ = {isa = PBXFileReference; lastKnownFileType = sourcecode.swift; path = AppDelegate.swift; sourceTree = "<group>"; };
		A0BEA0CA1C34FDBE002A96E0 /* ViewController.swift */ = {isa = PBXFileReference; lastKnownFileType = sourcecode.swift; path = ViewController.swift; sourceTree = "<group>"; };
		A0BEA0CD1C34FDBE002A96E0 /* Base */ = {isa = PBXFileReference; lastKnownFileType = file.storyboard; name = Base; path = Base.lproj/Main.storyboard; sourceTree = "<group>"; };
		A0BEA0CF1C34FDBE002A96E0 /* Assets.xcassets */ = {isa = PBXFileReference; lastKnownFileType = folder.assetcatalog; path = Assets.xcassets; sourceTree = "<group>"; };
		A0BEA0D21C34FDBE002A96E0 /* Base */ = {isa = PBXFileReference; lastKnownFileType = file.storyboard; name = Base; path = Base.lproj/LaunchScreen.storyboard; sourceTree = "<group>"; };
		A0BEA0D41C34FDBE002A96E0 /* Info.plist */ = {isa = PBXFileReference; lastKnownFileType = text.plist.xml; path = Info.plist; sourceTree = "<group>"; };
		A0BEA0D91C34FDBE002A96E0 /* KKAlertViewDemoTests.xctest */ = {isa = PBXFileReference; explicitFileType = wrapper.cfbundle; includeInIndex = 0; path = KKAlertViewDemoTests.xctest; sourceTree = BUILT_PRODUCTS_DIR; };
		A0BEA0DD1C34FDBE002A96E0 /* KKAlertViewDemoTests.swift */ = {isa = PBXFileReference; lastKnownFileType = sourcecode.swift; path = KKAlertViewDemoTests.swift; sourceTree = "<group>"; };
		A0BEA0DF1C34FDBE002A96E0 /* Info.plist */ = {isa = PBXFileReference; lastKnownFileType = text.plist.xml; path = Info.plist; sourceTree = "<group>"; };
		A0BEA0E41C34FDBE002A96E0 /* KKAlertViewDemoUITests.xctest */ = {isa = PBXFileReference; explicitFileType = wrapper.cfbundle; includeInIndex = 0; path = KKAlertViewDemoUITests.xctest; sourceTree = BUILT_PRODUCTS_DIR; };
		A0BEA0E81C34FDBE002A96E0 /* KKAlertViewDemoUITests.swift */ = {isa = PBXFileReference; lastKnownFileType = sourcecode.swift; path = KKAlertViewDemoUITests.swift; sourceTree = "<group>"; };
		A0BEA0EA1C34FDBE002A96E0 /* Info.plist */ = {isa = PBXFileReference; lastKnownFileType = text.plist.xml; path = Info.plist; sourceTree = "<group>"; };
		A0BEA0FA1C34FDF6002A96E0 /* MainViewController.swift */ = {isa = PBXFileReference; fileEncoding = 4; lastKnownFileType = sourcecode.swift; path = MainViewController.swift; sourceTree = "<group>"; };
		A0BEA0FF1C350112002A96E0 /* KKActionSheet.swift */ = {isa = PBXFileReference; fileEncoding = 4; lastKnownFileType = sourcecode.swift; path = KKActionSheet.swift; sourceTree = "<group>"; };
		A0BEA1001C350112002A96E0 /* KKAlertView.swift */ = {isa = PBXFileReference; fileEncoding = 4; lastKnownFileType = sourcecode.swift; path = KKAlertView.swift; sourceTree = "<group>"; };
/* End PBXFileReference section */

/* Begin PBXFrameworksBuildPhase section */
		A0BEA0C21C34FDBE002A96E0 /* Frameworks */ = {
			isa = PBXFrameworksBuildPhase;
			buildActionMask = 2147483647;
			files = (
			);
			runOnlyForDeploymentPostprocessing = 0;
		};
		A0BEA0D61C34FDBE002A96E0 /* Frameworks */ = {
			isa = PBXFrameworksBuildPhase;
			buildActionMask = 2147483647;
			files = (
			);
			runOnlyForDeploymentPostprocessing = 0;
		};
		A0BEA0E11C34FDBE002A96E0 /* Frameworks */ = {
			isa = PBXFrameworksBuildPhase;
			buildActionMask = 2147483647;
			files = (
			);
			runOnlyForDeploymentPostprocessing = 0;
		};
/* End PBXFrameworksBuildPhase section */

/* Begin PBXGroup section */
		A0BEA0BC1C34FDBE002A96E0 = {
			isa = PBXGroup;
			children = (
				A0BEA0C71C34FDBE002A96E0 /* KKAlertViewDemo */,
				A0BEA0DC1C34FDBE002A96E0 /* KKAlertViewDemoTests */,
				A0BEA0E71C34FDBE002A96E0 /* KKAlertViewDemoUITests */,
				A0BEA0C61C34FDBE002A96E0 /* Products */,
			);
			sourceTree = "<group>";
		};
		A0BEA0C61C34FDBE002A96E0 /* Products */ = {
			isa = PBXGroup;
			children = (
				A0BEA0C51C34FDBE002A96E0 /* KKAlertViewDemo.app */,
				A0BEA0D91C34FDBE002A96E0 /* KKAlertViewDemoTests.xctest */,
				A0BEA0E41C34FDBE002A96E0 /* KKAlertViewDemoUITests.xctest */,
			);
			name = Products;
			sourceTree = "<group>";
		};
		A0BEA0C71C34FDBE002A96E0 /* KKAlertViewDemo */ = {
			isa = PBXGroup;
			children = (
				A0BEA0FE1C350112002A96E0 /* Classes */,
				A0BEA0C81C34FDBE002A96E0 /* AppDelegate.swift */,
				A0BEA0FA1C34FDF6002A96E0 /* MainViewController.swift */,
				A0BEA0CA1C34FDBE002A96E0 /* ViewController.swift */,
				A0BEA0CC1C34FDBE002A96E0 /* Main.storyboard */,
				A0BEA0CF1C34FDBE002A96E0 /* Assets.xcassets */,
				A0BEA0D11C34FDBE002A96E0 /* LaunchScreen.storyboard */,
				A0BEA0D41C34FDBE002A96E0 /* Info.plist */,
			);
			path = KKAlertViewDemo;
			sourceTree = "<group>";
		};
		A0BEA0DC1C34FDBE002A96E0 /* KKAlertViewDemoTests */ = {
			isa = PBXGroup;
			children = (
				A0BEA0DD1C34FDBE002A96E0 /* KKAlertViewDemoTests.swift */,
				A0BEA0DF1C34FDBE002A96E0 /* Info.plist */,
			);
			path = KKAlertViewDemoTests;
			sourceTree = "<group>";
		};
		A0BEA0E71C34FDBE002A96E0 /* KKAlertViewDemoUITests */ = {
			isa = PBXGroup;
			children = (
				A0BEA0E81C34FDBE002A96E0 /* KKAlertViewDemoUITests.swift */,
				A0BEA0EA1C34FDBE002A96E0 /* Info.plist */,
			);
			path = KKAlertViewDemoUITests;
			sourceTree = "<group>";
		};
		A0BEA0FE1C350112002A96E0 /* Classes */ = {
			isa = PBXGroup;
			children = (
				A0BEA0FF1C350112002A96E0 /* KKActionSheet.swift */,
				A0BEA1001C350112002A96E0 /* KKAlertView.swift */,
			);
			path = Classes;
			sourceTree = SOURCE_ROOT;
		};
/* End PBXGroup section */

/* Begin PBXNativeTarget section */
		A0BEA0C41C34FDBE002A96E0 /* KKAlertViewDemo */ = {
			isa = PBXNativeTarget;
			buildConfigurationList = A0BEA0ED1C34FDBE002A96E0 /* Build configuration list for PBXNativeTarget "KKAlertViewDemo" */;
			buildPhases = (
				A0BEA0C11C34FDBE002A96E0 /* Sources */,
				A0BEA0C21C34FDBE002A96E0 /* Frameworks */,
				A0BEA0C31C34FDBE002A96E0 /* Resources */,
			);
			buildRules = (
			);
			dependencies = (
			);
			name = KKAlertViewDemo;
			productName = KKAlertViewDemo;
			productReference = A0BEA0C51C34FDBE002A96E0 /* KKAlertViewDemo.app */;
			productType = "com.apple.product-type.application";
		};
		A0BEA0D81C34FDBE002A96E0 /* KKAlertViewDemoTests */ = {
			isa = PBXNativeTarget;
			buildConfigurationList = A0BEA0F01C34FDBE002A96E0 /* Build configuration list for PBXNativeTarget "KKAlertViewDemoTests" */;
			buildPhases = (
				A0BEA0D51C34FDBE002A96E0 /* Sources */,
				A0BEA0D61C34FDBE002A96E0 /* Frameworks */,
				A0BEA0D71C34FDBE002A96E0 /* Resources */,
			);
			buildRules = (
			);
			dependencies = (
				A0BEA0DB1C34FDBE002A96E0 /* PBXTargetDependency */,
			);
			name = KKAlertViewDemoTests;
			productName = KKAlertViewDemoTests;
			productReference = A0BEA0D91C34FDBE002A96E0 /* KKAlertViewDemoTests.xctest */;
			productType = "com.apple.product-type.bundle.unit-test";
		};
		A0BEA0E31C34FDBE002A96E0 /* KKAlertViewDemoUITests */ = {
			isa = PBXNativeTarget;
			buildConfigurationList = A0BEA0F31C34FDBE002A96E0 /* Build configuration list for PBXNativeTarget "KKAlertViewDemoUITests" */;
			buildPhases = (
				A0BEA0E01C34FDBE002A96E0 /* Sources */,
				A0BEA0E11C34FDBE002A96E0 /* Frameworks */,
				A0BEA0E21C34FDBE002A96E0 /* Resources */,
			);
			buildRules = (
			);
			dependencies = (
				A0BEA0E61C34FDBE002A96E0 /* PBXTargetDependency */,
			);
			name = KKAlertViewDemoUITests;
			productName = KKAlertViewDemoUITests;
			productReference = A0BEA0E41C34FDBE002A96E0 /* KKAlertViewDemoUITests.xctest */;
			productType = "com.apple.product-type.bundle.ui-testing";
		};
/* End PBXNativeTarget section */

/* Begin PBXProject section */
		A0BEA0BD1C34FDBE002A96E0 /* Project object */ = {
			isa = PBXProject;
			attributes = {
				LastSwiftUpdateCheck = 0720;
				LastUpgradeCheck = 0720;
				ORGANIZATIONNAME = keke;
				TargetAttributes = {
					A0BEA0C41C34FDBE002A96E0 = {
						CreatedOnToolsVersion = 7.2;
					};
					A0BEA0D81C34FDBE002A96E0 = {
						CreatedOnToolsVersion = 7.2;
						TestTargetID = A0BEA0C41C34FDBE002A96E0;
					};
					A0BEA0E31C34FDBE002A96E0 = {
						CreatedOnToolsVersion = 7.2;
						TestTargetID = A0BEA0C41C34FDBE002A96E0;
					};
				};
			};
			buildConfigurationList = A0BEA0C01C34FDBE002A96E0 /* Build configuration list for PBXProject "KKAlertViewDemo" */;
			compatibilityVersion = "Xcode 3.2";
			developmentRegion = English;
			hasScannedForEncodings = 0;
			knownRegions = (
				en,
				Base,
			);
			mainGroup = A0BEA0BC1C34FDBE002A96E0;
			productRefGroup = A0BEA0C61C34FDBE002A96E0 /* Products */;
			projectDirPath = "";
			projectRoot = "";
			targets = (
				A0BEA0C41C34FDBE002A96E0 /* KKAlertViewDemo */,
				A0BEA0D81C34FDBE002A96E0 /* KKAlertViewDemoTests */,
				A0BEA0E31C34FDBE002A96E0 /* KKAlertViewDemoUITests */,
			);
		};
/* End PBXProject section */

/* Begin PBXResourcesBuildPhase section */
		A0BEA0C31C34FDBE002A96E0 /* Resources */ = {
			isa = PBXResourcesBuildPhase;
			buildActionMask = 2147483647;
			files = (
				A0BEA0D31C34FDBE002A96E0 /* LaunchScreen.storyboard in Resources */,
				A0BEA0D01C34FDBE002A96E0 /* Assets.xcassets in Resources */,
				A0BEA0CE1C34FDBE002A96E0 /* Main.storyboard in Resources */,
			);
			runOnlyForDeploymentPostprocessing = 0;
		};
		A0BEA0D71C34FDBE002A96E0 /* Resources */ = {
			isa = PBXResourcesBuildPhase;
			buildActionMask = 2147483647;
			files = (
			);
			runOnlyForDeploymentPostprocessing = 0;
		};
		A0BEA0E21C34FDBE002A96E0 /* Resources */ = {
			isa = PBXResourcesBuildPhase;
			buildActionMask = 2147483647;
			files = (
			);
			runOnlyForDeploymentPostprocessing = 0;
		};
/* End PBXResourcesBuildPhase section */

/* Begin PBXSourcesBuildPhase section */
		A0BEA0C11C34FDBE002A96E0 /* Sources */ = {
			isa = PBXSourcesBuildPhase;
			buildActionMask = 2147483647;
			files = (
				A0BEA1021C350112002A96E0 /* KKAlertView.swift in Sources */,
				A0BEA0CB1C34FDBE002A96E0 /* ViewController.swift in Sources */,
				A0BEA0C91C34FDBE002A96E0 /* AppDelegate.swift in Sources */,
				A0BEA0FD1C34FDF6002A96E0 /* MainViewController.swift in Sources */,
				A0BEA1011C350112002A96E0 /* KKActionSheet.swift in Sources */,
			);
			runOnlyForDeploymentPostprocessing = 0;
		};
		A0BEA0D51C34FDBE002A96E0 /* Sources */ = {
			isa = PBXSourcesBuildPhase;
			buildActionMask = 2147483647;
			files = (
				A0BEA0DE1C34FDBE002A96E0 /* KKAlertViewDemoTests.swift in Sources */,
			);
			runOnlyForDeploymentPostprocessing = 0;
		};
		A0BEA0E01C34FDBE002A96E0 /* Sources */ = {
			isa = PBXSourcesBuildPhase;
			buildActionMask = 2147483647;
			files = (
				A0BEA0E91C34FDBE002A96E0 /* KKAlertViewDemoUITests.swift in Sources */,
			);
			runOnlyForDeploymentPostprocessing = 0;
		};
/* End PBXSourcesBuildPhase section */

/* Begin PBXTargetDependency section */
		A0BEA0DB1C34FDBE002A96E0 /* PBXTargetDependency */ = {
			isa = PBXTargetDependency;
			target = A0BEA0C41C34FDBE002A96E0 /* KKAlertViewDemo */;
			targetProxy = A0BEA0DA1C34FDBE002A96E0 /* PBXContainerItemProxy */;
		};
		A0BEA0E61C34FDBE002A96E0 /* PBXTargetDependency */ = {
			isa = PBXTargetDependency;
			target = A0BEA0C41C34FDBE002A96E0 /* KKAlertViewDemo */;
			targetProxy = A0BEA0E51C34FDBE002A96E0 /* PBXContainerItemProxy */;
		};
/* End PBXTargetDependency section */

/* Begin PBXVariantGroup section */
		A0BEA0CC1C34FDBE002A96E0 /* Main.storyboard */ = {
			isa = PBXVariantGroup;
			children = (
				A0BEA0CD1C34FDBE002A96E0 /* Base */,
			);
			name = Main.storyboard;
			sourceTree = "<group>";
		};
		A0BEA0D11C34FDBE002A96E0 /* LaunchScreen.storyboard */ = {
			isa = PBXVariantGroup;
			children = (
				A0BEA0D21C34FDBE002A96E0 /* Base */,
			);
			name = LaunchScreen.storyboard;
			sourceTree = "<group>";
		};
/* End PBXVariantGroup section */

/* Begin XCBuildConfiguration section */
		A0BEA0EB1C34FDBE002A96E0 /* Debug */ = {
			isa = XCBuildConfiguration;
			buildSettings = {
				ALWAYS_SEARCH_USER_PATHS = NO;
				CLANG_CXX_LANGUAGE_STANDARD = "gnu++0x";
				CLANG_CXX_LIBRARY = "libc++";
				CLANG_ENABLE_MODULES = YES;
				CLANG_ENABLE_OBJC_ARC = YES;
				CLANG_WARN_BOOL_CONVERSION = YES;
				CLANG_WARN_CONSTANT_CONVERSION = YES;
				CLANG_WARN_DIRECT_OBJC_ISA_USAGE = YES_ERROR;
				CLANG_WARN_EMPTY_BODY = YES;
				CLANG_WARN_ENUM_CONVERSION = YES;
				CLANG_WARN_INT_CONVERSION = YES;
				CLANG_WARN_OBJC_ROOT_CLASS = YES_ERROR;
				CLANG_WARN_UNREACHABLE_CODE = YES;
				CLANG_WARN__DUPLICATE_METHOD_MATCH = YES;
				"CODE_SIGN_IDENTITY[sdk=iphoneos*]" = "iPhone Developer";
				COPY_PHASE_STRIP = NO;
				DEBUG_INFORMATION_FORMAT = dwarf;
				ENABLE_STRICT_OBJC_MSGSEND = YES;
				ENABLE_TESTABILITY = YES;
				GCC_C_LANGUAGE_STANDARD = gnu99;
				GCC_DYNAMIC_NO_PIC = NO;
				GCC_NO_COMMON_BLOCKS = YES;
				GCC_OPTIMIZATION_LEVEL = 0;
				GCC_PREPROCESSOR_DEFINITIONS = (
					"DEBUG=1",
					"$(inherited)",
				);
				GCC_WARN_64_TO_32_BIT_CONVERSION = YES;
				GCC_WARN_ABOUT_RETURN_TYPE = YES_ERROR;
				GCC_WARN_UNDECLARED_SELECTOR = YES;
				GCC_WARN_UNINITIALIZED_AUTOS = YES_AGGRESSIVE;
				GCC_WARN_UNUSED_FUNCTION = YES;
				GCC_WARN_UNUSED_VARIABLE = YES;
				IPHONEOS_DEPLOYMENT_TARGET = 9.2;
				MTL_ENABLE_DEBUG_INFO = YES;
				ONLY_ACTIVE_ARCH = YES;
				SDKROOT = iphoneos;
				SWIFT_OPTIMIZATION_LEVEL = "-Onone";
			};
			name = Debug;
		};
		A0BEA0EC1C34FDBE002A96E0 /* Release */ = {
			isa = XCBuildConfiguration;
			buildSettings = {
				ALWAYS_SEARCH_USER_PATHS = NO;
				CLANG_CXX_LANGUAGE_STANDARD = "gnu++0x";
				CLANG_CXX_LIBRARY = "libc++";
				CLANG_ENABLE_MODULES = YES;
				CLANG_ENABLE_OBJC_ARC = YES;
				CLANG_WARN_BOOL_CONVERSION = YES;
				CLANG_WARN_CONSTANT_CONVERSION = YES;
				CLANG_WARN_DIRECT_OBJC_ISA_USAGE = YES_ERROR;
				CLANG_WARN_EMPTY_BODY = YES;
				CLANG_WARN_ENUM_CONVERSION = YES;
				CLANG_WARN_INT_CONVERSION = YES;
				CLANG_WARN_OBJC_ROOT_CLASS = YES_ERROR;
				CLANG_WARN_UNREACHABLE_CODE = YES;
				CLANG_WARN__DUPLICATE_METHOD_MATCH = YES;
				"CODE_SIGN_IDENTITY[sdk=iphoneos*]" = "iPhone Developer";
				COPY_PHASE_STRIP = NO;
				DEBUG_INFORMATION_FORMAT = "dwarf-with-dsym";
				ENABLE_NS_ASSERTIONS = NO;
				ENABLE_STRICT_OBJC_MSGSEND = YES;
				GCC_C_LANGUAGE_STANDARD = gnu99;
				GCC_NO_COMMON_BLOCKS = YES;
				GCC_WARN_64_TO_32_BIT_CONVERSION = YES;
				GCC_WARN_ABOUT_RETURN_TYPE = YES_ERROR;
				GCC_WARN_UNDECLARED_SELECTOR = YES;
				GCC_WARN_UNINITIALIZED_AUTOS = YES_AGGRESSIVE;
				GCC_WARN_UNUSED_FUNCTION = YES;
				GCC_WARN_UNUSED_VARIABLE = YES;
				IPHONEOS_DEPLOYMENT_TARGET = 9.2;
				MTL_ENABLE_DEBUG_INFO = NO;
				SDKROOT = iphoneos;
				VALIDATE_PRODUCT = YES;
			};
			name = Release;
		};
		A0BEA0EE1C34FDBE002A96E0 /* Debug */ = {
			isa = XCBuildConfiguration;
			buildSettings = {
				ASSETCATALOG_COMPILER_APPICON_NAME = AppIcon;
				INFOPLIST_FILE = KKAlertViewDemo/Info.plist;
				LD_RUNPATH_SEARCH_PATHS = "$(inherited) @executable_path/Frameworks";
				PRODUCT_BUNDLE_IDENTIFIER = lkk.KKAlertViewDemo;
				PRODUCT_NAME = "$(TARGET_NAME)";
			};
			name = Debug;
		};
		A0BEA0EF1C34FDBE002A96E0 /* Release */ = {
			isa = XCBuildConfiguration;
			buildSettings = {
				ASSETCATALOG_COMPILER_APPICON_NAME = AppIcon;
				INFOPLIST_FILE = KKAlertViewDemo/Info.plist;
				LD_RUNPATH_SEARCH_PATHS = "$(inherited) @executable_path/Frameworks";
				PRODUCT_BUNDLE_IDENTIFIER = lkk.KKAlertViewDemo;
				PRODUCT_NAME = "$(TARGET_NAME)";
			};
			name = Release;
		};
		A0BEA0F11C34FDBE002A96E0 /* Debug */ = {
			isa = XCBuildConfiguration;
			buildSettings = {
				BUNDLE_LOADER = "$(TEST_HOST)";
				INFOPLIST_FILE = KKAlertViewDemoTests/Info.plist;
				LD_RUNPATH_SEARCH_PATHS = "$(inherited) @executable_path/Frameworks @loader_path/Frameworks";
				PRODUCT_BUNDLE_IDENTIFIER = lkk.KKAlertViewDemoTests;
				PRODUCT_NAME = "$(TARGET_NAME)";
				TEST_HOST = "$(BUILT_PRODUCTS_DIR)/KKAlertViewDemo.app/KKAlertViewDemo";
			};
			name = Debug;
		};
		A0BEA0F21C34FDBE002A96E0 /* Release */ = {
			isa = XCBuildConfiguration;
			buildSettings = {
				BUNDLE_LOADER = "$(TEST_HOST)";
				INFOPLIST_FILE = KKAlertViewDemoTests/Info.plist;
				LD_RUNPATH_SEARCH_PATHS = "$(inherited) @executable_path/Frameworks @loader_path/Frameworks";
				PRODUCT_BUNDLE_IDENTIFIER = lkk.KKAlertViewDemoTests;
				PRODUCT_NAME = "$(TARGET_NAME)";
				TEST_HOST = "$(BUILT_PRODUCTS_DIR)/KKAlertViewDemo.app/KKAlertViewDemo";
			};
			name = Release;
		};
		A0BEA0F41C34FDBE002A96E0 /* Debug */ = {
			isa = XCBuildConfiguration;
			buildSettings = {
				INFOPLIST_FILE = KKAlertViewDemoUITests/Info.plist;
				LD_RUNPATH_SEARCH_PATHS = "$(inherited) @executable_path/Frameworks @loader_path/Frameworks";
				PRODUCT_BUNDLE_IDENTIFIER = lkk.KKAlertViewDemoUITests;
				PRODUCT_NAME = "$(TARGET_NAME)";
				TEST_TARGET_NAME = KKAlertViewDemo;
				USES_XCTRUNNER = YES;
			};
			name = Debug;
		};
		A0BEA0F51C34FDBE002A96E0 /* Release */ = {
			isa = XCBuildConfiguration;
			buildSettings = {
				INFOPLIST_FILE = KKAlertViewDemoUITests/Info.plist;
				LD_RUNPATH_SEARCH_PATHS = "$(inherited) @executable_path/Frameworks @loader_path/Frameworks";
				PRODUCT_BUNDLE_IDENTIFIER = lkk.KKAlertViewDemoUITests;
				PRODUCT_NAME = "$(TARGET_NAME)";
				TEST_TARGET_NAME = KKAlertViewDemo;
				USES_XCTRUNNER = YES;
			};
			name = Release;
		};
/* End XCBuildConfiguration section */

/* Begin XCConfigurationList section */
		A0BEA0C01C34FDBE002A96E0 /* Build configuration list for PBXProject "KKAlertViewDemo" */ = {
			isa = XCConfigurationList;
			buildConfigurations = (
				A0BEA0EB1C34FDBE002A96E0 /* Debug */,
				A0BEA0EC1C34FDBE002A96E0 /* Release */,
			);
			defaultConfigurationIsVisible = 0;
			defaultConfigurationName = Release;
		};
		A0BEA0ED1C34FDBE002A96E0 /* Build configuration list for PBXNativeTarget "KKAlertViewDemo" */ = {
			isa = XCConfigurationList;
			buildConfigurations = (
				A0BEA0EE1C34FDBE002A96E0 /* Debug */,
				A0BEA0EF1C34FDBE002A96E0 /* Release */,
			);
			defaultConfigurationIsVisible = 0;
			defaultConfigurationName = Release;
		};
		A0BEA0F01C34FDBE002A96E0 /* Build configuration list for PBXNativeTarget "KKAlertViewDemoTests" */ = {
			isa = XCConfigurationList;
			buildConfigurations = (
				A0BEA0F11C34FDBE002A96E0 /* Debug */,
				A0BEA0F21C34FDBE002A96E0 /* Release */,
			);
			defaultConfigurationIsVisible = 0;
			defaultConfigurationName = Release;
		};
		A0BEA0F31C34FDBE002A96E0 /* Build configuration list for PBXNativeTarget "KKAlertViewDemoUITests" */ = {
			isa = XCConfigurationList;
			buildConfigurations = (
				A0BEA0F41C34FDBE002A96E0 /* Debug */,
				A0BEA0F51C34FDBE002A96E0 /* Release */,
			);
			defaultConfigurationIsVisible = 0;
			defaultConfigurationName = Release;
		};
/* End XCConfigurationList section */
	};
	rootObject = A0BEA0BD1C34FDBE002A96E0 /* Project object */;
}
